
Microsoft Visual Studio Solution File, Format Version 12.00
# Visual Studio 15
VisualStudioVersion = 15.0.34112.143
MinimumVisualStudioVersion = 10.0.40219.1
Project("{FAE04EC0-301F-11D3-BF4B-00C04F79EFBC}") = "Barnacle", "Make3D\Barnacle.csproj", "{2F327EA0-F3C2-455E-A057-CE718CFD4E5D}"
EndProject
Project("{2150E333-8FDC-42A3-9474-1A3956D46DE8}") = "Solution Items", "Solution Items", "{323F3CC6-E104-45FD-A151-3F9F4AFE3310}"
	ProjectSection(SolutionItems) = preProject
		VisualSolutionExplorerLib\ViewModel\ProjectFolderViewModel.cs = VisualSolutionExplorerLib\ViewModel\ProjectFolderViewModel.cs
	EndProjectSection
EndProject
Project("{FAE04EC0-301F-11D3-BF4B-00C04F79EFBC}") = "CSGLib", "CSGLib\CSGLib.csproj", "{CB0CAFAC-72AB-4D29-A570-D6F97519BBD3}"
EndProject
Project("{FAE04EC0-301F-11D3-BF4B-00C04F79EFBC}") = "PlacementLib", "PlacementLib\PlacementLib.csproj", "{A2146721-BF86-45A3-9A95-5F1FD0E311DA}"
EndProject
Project("{FAE04EC0-301F-11D3-BF4B-00C04F79EFBC}") = "MeshDecimator", "MeshDecimator\MeshDecimator.csproj", "{F49D5D98-DF95-4A31-A42F-DA6D92C242DD}"
EndProject
Project("{FAE04EC0-301F-11D3-BF4B-00C04F79EFBC}") = "PolygonTriangulationLib", "PolygonTriangulationLib\PolygonTriangulationLib.csproj", "{BF1D777E-DF33-4C03-80A6-9ECB741746F1}"
EndProject
Project("{FAE04EC0-301F-11D3-BF4B-00C04F79EFBC}") = "Workflow", "Workflow\Workflow.csproj", "{F7FDC6DA-9937-472F-A90A-22FADF138439}"
EndProject
Project("{FAE04EC0-301F-11D3-BF4B-00C04F79EFBC}") = "TemplateLib", "TemplateLib\TemplateLib.csproj", "{A1E87EA7-C89A-4EBA-8FB7-4E3FC8CFC521}"
EndProject
Project("{FAE04EC0-301F-11D3-BF4B-00C04F79EFBC}") = "ManifoldLib", "ManifoldLib\ManifoldLib.csproj", "{DABC6ACF-3F5E-469B-BCC0-6F676287B245}"
EndProject
Project("{FAE04EC0-301F-11D3-BF4B-00C04F79EFBC}") = "ConvertAerofoilsToXML", "ConvertAerofoilsToXML\ConvertAerofoilsToXML.csproj", "{8DDF64C0-825D-432D-936A-3F663E028B34}"
EndProject
Project("{FAE04EC0-301F-11D3-BF4B-00C04F79EFBC}") = "HullLIbrary", "ClassLibrary1\HullLIbrary.csproj", "{8FFB3AA5-559D-4880-A4A3-8859C0D30D8E}"
EndProject
Project("{FAE04EC0-301F-11D3-BF4B-00C04F79EFBC}") = "EarClipperLib", "EarClipperLib\EarClipperLib.csproj", "{DEB59262-3D4D-46B1-9934-71AA91C92714}"
EndProject
Project("{FAE04EC0-301F-11D3-BF4B-00C04F79EFBC}") = "VisualSolutionExplorerLib", "VisualSolutionExplorerLib\VisualSolutionExplorerLib.csproj", "{A5705AE8-B1AA-445C-8790-294E6B95E401}"
EndProject
Project("{FAE04EC0-301F-11D3-BF4B-00C04F79EFBC}") = "Interpreter", "Interpreter\Interpreter.csproj", "{B650D680-AB32-4F89-A012-E72F59E4AF22}"
EndProject
Project("{FAE04EC0-301F-11D3-BF4B-00C04F79EFBC}") = "Object3DLib", "Object3DLib\Object3DLib.csproj", "{5F92B002-B820-4A56-A2B1-482C252BA8BE}"
	ProjectSection(ProjectDependencies) = postProject
		{8248F033-5DE9-46E4-BF7C-0B108F120577} = {8248F033-5DE9-46E4-BF7C-0B108F120577}
	EndProjectSection
EndProject
Project("{FAE04EC0-301F-11D3-BF4B-00C04F79EFBC}") = "EditorParameterLib", "EditorParameterLib\EditorParameterLib.csproj", "{5BD65286-F34E-45AE-9E8D-2E7A0DFF6D0D}"
EndProject
Project("{FAE04EC0-301F-11D3-BF4B-00C04F79EFBC}") = "MakerLib", "MakerLib\MakerLib.csproj", "{83AC0DA3-1EE8-4FE1-96E4-C9ADCD88F44E}"
EndProject
Project("{FAE04EC0-301F-11D3-BF4B-00C04F79EFBC}") = "LineLib", "LineLib\LineLib.csproj", "{8248F033-5DE9-46E4-BF7C-0B108F120577}"
EndProject
Project("{54435603-DBB4-11D2-8724-00A0C9A8B90C}") = "BarnacleSetup", "BarnacleSetup\BarnacleSetup.vdproj", "{2363C462-06BF-4AEC-B76F-E25D3C85C5AD}"
EndProject
Project("{FAE04EC0-301F-11D3-BF4B-00C04F79EFBC}") = "DlgMaker", "DlgMaker\DlgMaker.csproj", "{40834B69-0308-43CE-B36A-10B66E3C932D}"
EndProject
Project("{FAE04EC0-301F-11D3-BF4B-00C04F79EFBC}") = "asdflibrary", "asdflibrary\asdflibrary.csproj", "{2557B21C-FE6C-4B1D-8DAB-AD7D8404FD56}"
EndProject
Project("{FAE04EC0-301F-11D3-BF4B-00C04F79EFBC}") = "PolygonLibrary", "PolygonLibrary\PolygonLibrary.csproj", "{61EE0E20-98E3-430F-BE43-CB1F19E829A5}"
EndProject
Project("{FAE04EC0-301F-11D3-BF4B-00C04F79EFBC}") = "ImageUtils", "ImageUtils\ImageUtils.csproj", "{3A96F5C2-0C0D-4C85-99B7-1F47BD843A5B}"
EndProject
Project("{FAE04EC0-301F-11D3-BF4B-00C04F79EFBC}") = "HoleLibrary", "HoleLibrary\HoleLibrary.csproj", "{918B2B56-31AF-4294-BF15-0D4F4CD0675F}"
EndProject
Project("{FAE04EC0-301F-11D3-BF4B-00C04F79EFBC}") = "FixLib", "FixLib\FixLib.csproj", "{8D134779-2F91-45C5-A145-3EB4BE6644A9}"
EndProject
Project("{FAE04EC0-301F-11D3-BF4B-00C04F79EFBC}") = "OctTreeLib", "OctTreeLib\OctTreeLib.csproj", "{0D9BB88E-B275-4E45-8EA9-AEC204588A7C}"
EndProject
Project("{FAE04EC0-301F-11D3-BF4B-00C04F79EFBC}") = "PrintPlacementLib", "PrintPlacementLib\PrintPlacementLib.csproj", "{816C26CE-4F6B-4F3B-A72D-B570BF8D692F}"
EndProject
Global
	GlobalSection(SolutionConfigurationPlatforms) = preSolution
		Debug|Any CPU = Debug|Any CPU
		Release|Any CPU = Release|Any CPU
	EndGlobalSection
	GlobalSection(ProjectConfigurationPlatforms) = postSolution
		{2F327EA0-F3C2-455E-A057-CE718CFD4E5D}.Debug|Any CPU.ActiveCfg = Debug|Any CPU
		{2F327EA0-F3C2-455E-A057-CE718CFD4E5D}.Debug|Any CPU.Build.0 = Debug|Any CPU
		{2F327EA0-F3C2-455E-A057-CE718CFD4E5D}.Release|Any CPU.ActiveCfg = Release|Any CPU
		{2F327EA0-F3C2-455E-A057-CE718CFD4E5D}.Release|Any CPU.Build.0 = Release|Any CPU
		{CB0CAFAC-72AB-4D29-A570-D6F97519BBD3}.Debug|Any CPU.ActiveCfg = Debug|Any CPU
		{CB0CAFAC-72AB-4D29-A570-D6F97519BBD3}.Debug|Any CPU.Build.0 = Debug|Any CPU
		{CB0CAFAC-72AB-4D29-A570-D6F97519BBD3}.Release|Any CPU.ActiveCfg = Release|Any CPU
		{CB0CAFAC-72AB-4D29-A570-D6F97519BBD3}.Release|Any CPU.Build.0 = Release|Any CPU
		{A2146721-BF86-45A3-9A95-5F1FD0E311DA}.Debug|Any CPU.ActiveCfg = Debug|Any CPU
		{A2146721-BF86-45A3-9A95-5F1FD0E311DA}.Debug|Any CPU.Build.0 = Debug|Any CPU
		{A2146721-BF86-45A3-9A95-5F1FD0E311DA}.Release|Any CPU.ActiveCfg = Release|Any CPU
		{A2146721-BF86-45A3-9A95-5F1FD0E311DA}.Release|Any CPU.Build.0 = Release|Any CPU
		{F49D5D98-DF95-4A31-A42F-DA6D92C242DD}.Debug|Any CPU.ActiveCfg = Debug|Any CPU
		{F49D5D98-DF95-4A31-A42F-DA6D92C242DD}.Debug|Any CPU.Build.0 = Debug|Any CPU
		{F49D5D98-DF95-4A31-A42F-DA6D92C242DD}.Release|Any CPU.ActiveCfg = Release|Any CPU
		{F49D5D98-DF95-4A31-A42F-DA6D92C242DD}.Release|Any CPU.Build.0 = Release|Any CPU
		{BF1D777E-DF33-4C03-80A6-9ECB741746F1}.Debug|Any CPU.ActiveCfg = Debug|Any CPU
		{BF1D777E-DF33-4C03-80A6-9ECB741746F1}.Debug|Any CPU.Build.0 = Debug|Any CPU
		{BF1D777E-DF33-4C03-80A6-9ECB741746F1}.Release|Any CPU.ActiveCfg = Release|Any CPU
		{BF1D777E-DF33-4C03-80A6-9ECB741746F1}.Release|Any CPU.Build.0 = Release|Any CPU
		{F7FDC6DA-9937-472F-A90A-22FADF138439}.Debug|Any CPU.ActiveCfg = Debug|Any CPU
		{F7FDC6DA-9937-472F-A90A-22FADF138439}.Debug|Any CPU.Build.0 = Debug|Any CPU
		{F7FDC6DA-9937-472F-A90A-22FADF138439}.Release|Any CPU.ActiveCfg = Release|Any CPU
		{F7FDC6DA-9937-472F-A90A-22FADF138439}.Release|Any CPU.Build.0 = Release|Any CPU
		{A1E87EA7-C89A-4EBA-8FB7-4E3FC8CFC521}.Debug|Any CPU.ActiveCfg = Debug|Any CPU
		{A1E87EA7-C89A-4EBA-8FB7-4E3FC8CFC521}.Debug|Any CPU.Build.0 = Debug|Any CPU
		{A1E87EA7-C89A-4EBA-8FB7-4E3FC8CFC521}.Release|Any CPU.ActiveCfg = Release|Any CPU
		{A1E87EA7-C89A-4EBA-8FB7-4E3FC8CFC521}.Release|Any CPU.Build.0 = Release|Any CPU
		{DABC6ACF-3F5E-469B-BCC0-6F676287B245}.Debug|Any CPU.ActiveCfg = Debug|Any CPU
		{DABC6ACF-3F5E-469B-BCC0-6F676287B245}.Debug|Any CPU.Build.0 = Debug|Any CPU
		{DABC6ACF-3F5E-469B-BCC0-6F676287B245}.Release|Any CPU.ActiveCfg = Release|Any CPU
		{DABC6ACF-3F5E-469B-BCC0-6F676287B245}.Release|Any CPU.Build.0 = Release|Any CPU
		{8DDF64C0-825D-432D-936A-3F663E028B34}.Debug|Any CPU.ActiveCfg = Debug|Any CPU
		{8DDF64C0-825D-432D-936A-3F663E028B34}.Debug|Any CPU.Build.0 = Debug|Any CPU
		{8DDF64C0-825D-432D-936A-3F663E028B34}.Release|Any CPU.ActiveCfg = Release|Any CPU
		{8DDF64C0-825D-432D-936A-3F663E028B34}.Release|Any CPU.Build.0 = Release|Any CPU
		{8FFB3AA5-559D-4880-A4A3-8859C0D30D8E}.Debug|Any CPU.ActiveCfg = Debug|Any CPU
		{8FFB3AA5-559D-4880-A4A3-8859C0D30D8E}.Debug|Any CPU.Build.0 = Debug|Any CPU
		{8FFB3AA5-559D-4880-A4A3-8859C0D30D8E}.Release|Any CPU.ActiveCfg = Release|Any CPU
		{8FFB3AA5-559D-4880-A4A3-8859C0D30D8E}.Release|Any CPU.Build.0 = Release|Any CPU
		{DEB59262-3D4D-46B1-9934-71AA91C92714}.Debug|Any CPU.ActiveCfg = Debug|Any CPU
		{DEB59262-3D4D-46B1-9934-71AA91C92714}.Debug|Any CPU.Build.0 = Debug|Any CPU
		{DEB59262-3D4D-46B1-9934-71AA91C92714}.Release|Any CPU.ActiveCfg = Release|Any CPU
		{DEB59262-3D4D-46B1-9934-71AA91C92714}.Release|Any CPU.Build.0 = Release|Any CPU
		{A5705AE8-B1AA-445C-8790-294E6B95E401}.Debug|Any CPU.ActiveCfg = Debug|Any CPU
		{A5705AE8-B1AA-445C-8790-294E6B95E401}.Debug|Any CPU.Build.0 = Debug|Any CPU
		{A5705AE8-B1AA-445C-8790-294E6B95E401}.Release|Any CPU.ActiveCfg = Release|Any CPU
		{A5705AE8-B1AA-445C-8790-294E6B95E401}.Release|Any CPU.Build.0 = Release|Any CPU
		{B650D680-AB32-4F89-A012-E72F59E4AF22}.Debug|Any CPU.ActiveCfg = Debug|Any CPU
		{B650D680-AB32-4F89-A012-E72F59E4AF22}.Debug|Any CPU.Build.0 = Debug|Any CPU
		{B650D680-AB32-4F89-A012-E72F59E4AF22}.Release|Any CPU.ActiveCfg = Release|Any CPU
		{B650D680-AB32-4F89-A012-E72F59E4AF22}.Release|Any CPU.Build.0 = Release|Any CPU
		{5F92B002-B820-4A56-A2B1-482C252BA8BE}.Debug|Any CPU.ActiveCfg = Debug|Any CPU
		{5F92B002-B820-4A56-A2B1-482C252BA8BE}.Debug|Any CPU.Build.0 = Debug|Any CPU
		{5F92B002-B820-4A56-A2B1-482C252BA8BE}.Release|Any CPU.ActiveCfg = Release|Any CPU
		{5F92B002-B820-4A56-A2B1-482C252BA8BE}.Release|Any CPU.Build.0 = Release|Any CPU
		{5BD65286-F34E-45AE-9E8D-2E7A0DFF6D0D}.Debug|Any CPU.ActiveCfg = Debug|Any CPU
		{5BD65286-F34E-45AE-9E8D-2E7A0DFF6D0D}.Debug|Any CPU.Build.0 = Debug|Any CPU
		{5BD65286-F34E-45AE-9E8D-2E7A0DFF6D0D}.Release|Any CPU.ActiveCfg = Release|Any CPU
		{5BD65286-F34E-45AE-9E8D-2E7A0DFF6D0D}.Release|Any CPU.Build.0 = Release|Any CPU
		{83AC0DA3-1EE8-4FE1-96E4-C9ADCD88F44E}.Debug|Any CPU.ActiveCfg = Debug|Any CPU
		{83AC0DA3-1EE8-4FE1-96E4-C9ADCD88F44E}.Debug|Any CPU.Build.0 = Debug|Any CPU
		{83AC0DA3-1EE8-4FE1-96E4-C9ADCD88F44E}.Release|Any CPU.ActiveCfg = Release|Any CPU
		{83AC0DA3-1EE8-4FE1-96E4-C9ADCD88F44E}.Release|Any CPU.Build.0 = Release|Any CPU
		{8248F033-5DE9-46E4-BF7C-0B108F120577}.Debug|Any CPU.ActiveCfg = Debug|Any CPU
		{8248F033-5DE9-46E4-BF7C-0B108F120577}.Debug|Any CPU.Build.0 = Debug|Any CPU
		{8248F033-5DE9-46E4-BF7C-0B108F120577}.Release|Any CPU.ActiveCfg = Release|Any CPU
		{8248F033-5DE9-46E4-BF7C-0B108F120577}.Release|Any CPU.Build.0 = Release|Any CPU
		{2363C462-06BF-4AEC-B76F-E25D3C85C5AD}.Debug|Any CPU.ActiveCfg = Debug
		{2363C462-06BF-4AEC-B76F-E25D3C85C5AD}.Release|Any CPU.ActiveCfg = Release
		{40834B69-0308-43CE-B36A-10B66E3C932D}.Debug|Any CPU.ActiveCfg = Debug|Any CPU
		{40834B69-0308-43CE-B36A-10B66E3C932D}.Debug|Any CPU.Build.0 = Debug|Any CPU
		{40834B69-0308-43CE-B36A-10B66E3C932D}.Release|Any CPU.ActiveCfg = Release|Any CPU
		{40834B69-0308-43CE-B36A-10B66E3C932D}.Release|Any CPU.Build.0 = Release|Any CPU
		{2557B21C-FE6C-4B1D-8DAB-AD7D8404FD56}.Debug|Any CPU.ActiveCfg = Debug|Any CPU
		{2557B21C-FE6C-4B1D-8DAB-AD7D8404FD56}.Debug|Any CPU.Build.0 = Debug|Any CPU
		{2557B21C-FE6C-4B1D-8DAB-AD7D8404FD56}.Release|Any CPU.ActiveCfg = Release|Any CPU
		{2557B21C-FE6C-4B1D-8DAB-AD7D8404FD56}.Release|Any CPU.Build.0 = Release|Any CPU
		{61EE0E20-98E3-430F-BE43-CB1F19E829A5}.Debug|Any CPU.ActiveCfg = Debug|Any CPU
		{61EE0E20-98E3-430F-BE43-CB1F19E829A5}.Debug|Any CPU.Build.0 = Debug|Any CPU
		{61EE0E20-98E3-430F-BE43-CB1F19E829A5}.Release|Any CPU.ActiveCfg = Release|Any CPU
		{61EE0E20-98E3-430F-BE43-CB1F19E829A5}.Release|Any CPU.Build.0 = Release|Any CPU
		{3A96F5C2-0C0D-4C85-99B7-1F47BD843A5B}.Debug|Any CPU.ActiveCfg = Debug|Any CPU
		{3A96F5C2-0C0D-4C85-99B7-1F47BD843A5B}.Debug|Any CPU.Build.0 = Debug|Any CPU
		{3A96F5C2-0C0D-4C85-99B7-1F47BD843A5B}.Release|Any CPU.ActiveCfg = Release|Any CPU
		{3A96F5C2-0C0D-4C85-99B7-1F47BD843A5B}.Release|Any CPU.Build.0 = Release|Any CPU
		{918B2B56-31AF-4294-BF15-0D4F4CD0675F}.Debug|Any CPU.ActiveCfg = Debug|Any CPU
		{918B2B56-31AF-4294-BF15-0D4F4CD0675F}.Debug|Any CPU.Build.0 = Debug|Any CPU
		{918B2B56-31AF-4294-BF15-0D4F4CD0675F}.Release|Any CPU.ActiveCfg = Release|Any CPU
		{918B2B56-31AF-4294-BF15-0D4F4CD0675F}.Release|Any CPU.Build.0 = Release|Any CPU
		{8D134779-2F91-45C5-A145-3EB4BE6644A9}.Debug|Any CPU.ActiveCfg = Debug|Any CPU
		{8D134779-2F91-45C5-A145-3EB4BE6644A9}.Debug|Any CPU.Build.0 = Debug|Any CPU
		{8D134779-2F91-45C5-A145-3EB4BE6644A9}.Release|Any CPU.ActiveCfg = Release|Any CPU
		{8D134779-2F91-45C5-A145-3EB4BE6644A9}.Release|Any CPU.Build.0 = Release|Any CPU
		{0D9BB88E-B275-4E45-8EA9-AEC204588A7C}.Debug|Any CPU.ActiveCfg = Debug|Any CPU
		{0D9BB88E-B275-4E45-8EA9-AEC204588A7C}.Debug|Any CPU.Build.0 = Debug|Any CPU
		{0D9BB88E-B275-4E45-8EA9-AEC204588A7C}.Release|Any CPU.ActiveCfg = Release|Any CPU
		{0D9BB88E-B275-4E45-8EA9-AEC204588A7C}.Release|Any CPU.Build.0 = Release|Any CPU
		{816C26CE-4F6B-4F3B-A72D-B570BF8D692F}.Debug|Any CPU.ActiveCfg = Debug|Any CPU
		{816C26CE-4F6B-4F3B-A72D-B570BF8D692F}.Debug|Any CPU.Build.0 = Debug|Any CPU
		{816C26CE-4F6B-4F3B-A72D-B570BF8D692F}.Release|Any CPU.ActiveCfg = Release|Any CPU
		{816C26CE-4F6B-4F3B-A72D-B570BF8D692F}.Release|Any CPU.Build.0 = Release|Any CPU
	EndGlobalSection
	GlobalSection(SolutionProperties) = preSolution
		HideSolutionNode = FALSE
	EndGlobalSection
	GlobalSection(NestedProjects) = preSolution
		{8DDF64C0-825D-432D-936A-3F663E028B34} = {323F3CC6-E104-45FD-A151-3F9F4AFE3310}
	EndGlobalSection
	GlobalSection(ExtensibilityGlobals) = postSolution
		SolutionGuid = {9DC34FB4-3688-4F70-9473-343F51F6D500}
	EndGlobalSection
	GlobalSection(Performance) = preSolution
		HasPerformanceSessions = true
	EndGlobalSection
EndGlobal
