
Microsoft Visual Studio Solution File, Format Version 12.00
# Visual Studio 15
VisualStudioVersion = 15.0.28307.779
MinimumVisualStudioVersion = 10.0.40219.1
Project("{FAE04EC0-301F-11D3-BF4B-00C04F79EFBC}") = "Make3D", "Make3D\Make3D.csproj", "{2F327EA0-F3C2-455E-A057-CE718CFD4E5D}"
EndProject
Project("{2150E333-8FDC-42A3-9474-1A3956D46DE8}") = "Solution Items", "Solution Items", "{323F3CC6-E104-45FD-A151-3F9F4AFE3310}"
EndProject
Project("{FAE04EC0-301F-11D3-BF4B-00C04F79EFBC}") = "CSGLib", "CSGLib\CSGLib.csproj", "{CB0CAFAC-72AB-4D29-A570-D6F97519BBD3}"
EndProject
Project("{FAE04EC0-301F-11D3-BF4B-00C04F79EFBC}") = "PlacementLib", "PlacementLib\PlacementLib.csproj", "{A2146721-BF86-45A3-9A95-5F1FD0E311DA}"
EndProject
Project("{FAE04EC0-301F-11D3-BF4B-00C04F79EFBC}") = "MeshDecimator", "MeshDecimator\MeshDecimator.csproj", "{F49D5D98-DF95-4A31-A42F-DA6D92C242DD}"
EndProject
Project("{FAE04EC0-301F-11D3-BF4B-00C04F79EFBC}") = "PolygonTriangulationLib", "PolygonTriangulationLib\PolygonTriangulationLib.csproj", "{BF1D777E-DF33-4C03-80A6-9ECB741746F1}"
EndProject
Project("{FAE04EC0-301F-11D3-BF4B-00C04F79EFBC}") = "Workflow", "Workflow\Workflow.csproj", "{F7FDC6DA-9937-472F-A90A-22FADF138439}"
EndProject
Project("{FAE04EC0-301F-11D3-BF4B-00C04F79EFBC}") = "TemplateLib", "TemplateLib\TemplateLib.csproj", "{A1E87EA7-C89A-4EBA-8FB7-4E3FC8CFC521}"
EndProject
Project("{FAE04EC0-301F-11D3-BF4B-00C04F79EFBC}") = "ManifoldLib", "ManifoldLib\ManifoldLib.csproj", "{DABC6ACF-3F5E-469B-BCC0-6F676287B245}"
EndProject
Project("{FAE04EC0-301F-11D3-BF4B-00C04F79EFBC}") = "ConvertAerofoilsToXML", "ConvertAerofoilsToXML\ConvertAerofoilsToXML.csproj", "{8DDF64C0-825D-432D-936A-3F663E028B34}"
EndProject
Project("{FAE04EC0-301F-11D3-BF4B-00C04F79EFBC}") = "ProjectLib", "ProjectLib\ProjectLib.csproj", "{FF76323F-C79C-4E3F-BE42-EFA9F9A9DE48}"
EndProject
Project("{FAE04EC0-301F-11D3-BF4B-00C04F79EFBC}") = "HullLIbrary", "ClassLibrary1\HullLIbrary.csproj", "{8FFB3AA5-559D-4880-A4A3-8859C0D30D8E}"
EndProject
Project("{FAE04EC0-301F-11D3-BF4B-00C04F79EFBC}") = "EarClipperLib", "EarClipperLib\EarClipperLib.csproj", "{DEB59262-3D4D-46B1-9934-71AA91C92714}"
EndProject
Global
	GlobalSection(SolutionConfigurationPlatforms) = preSolution
		Debug|Any CPU = Debug|Any CPU
		Release|Any CPU = Release|Any CPU
	EndGlobalSection
	GlobalSection(ProjectConfigurationPlatforms) = postSolution
		{2F327EA0-F3C2-455E-A057-CE718CFD4E5D}.Debug|Any CPU.ActiveCfg = Debug|Any CPU
		{2F327EA0-F3C2-455E-A057-CE718CFD4E5D}.Debug|Any CPU.Build.0 = Debug|Any CPU
		{2F327EA0-F3C2-455E-A057-CE718CFD4E5D}.Release|Any CPU.ActiveCfg = Release|Any CPU
		{2F327EA0-F3C2-455E-A057-CE718CFD4E5D}.Release|Any CPU.Build.0 = Release|Any CPU
		{CB0CAFAC-72AB-4D29-A570-D6F97519BBD3}.Debug|Any CPU.ActiveCfg = Debug|Any CPU
		{CB0CAFAC-72AB-4D29-A570-D6F97519BBD3}.Debug|Any CPU.Build.0 = Debug|Any CPU
		{CB0CAFAC-72AB-4D29-A570-D6F97519BBD3}.Release|Any CPU.ActiveCfg = Release|Any CPU
		{CB0CAFAC-72AB-4D29-A570-D6F97519BBD3}.Release|Any CPU.Build.0 = Release|Any CPU
		{A2146721-BF86-45A3-9A95-5F1FD0E311DA}.Debug|Any CPU.ActiveCfg = Debug|Any CPU
		{A2146721-BF86-45A3-9A95-5F1FD0E311DA}.Debug|Any CPU.Build.0 = Debug|Any CPU
		{A2146721-BF86-45A3-9A95-5F1FD0E311DA}.Release|Any CPU.ActiveCfg = Release|Any CPU
		{A2146721-BF86-45A3-9A95-5F1FD0E311DA}.Release|Any CPU.Build.0 = Release|Any CPU
		{F49D5D98-DF95-4A31-A42F-DA6D92C242DD}.Debug|Any CPU.ActiveCfg = Debug|Any CPU
		{F49D5D98-DF95-4A31-A42F-DA6D92C242DD}.Debug|Any CPU.Build.0 = Debug|Any CPU
		{F49D5D98-DF95-4A31-A42F-DA6D92C242DD}.Release|Any CPU.ActiveCfg = Release|Any CPU
		{F49D5D98-DF95-4A31-A42F-DA6D92C242DD}.Release|Any CPU.Build.0 = Release|Any CPU
		{BF1D777E-DF33-4C03-80A6-9ECB741746F1}.Debug|Any CPU.ActiveCfg = Debug|Any CPU
		{BF1D777E-DF33-4C03-80A6-9ECB741746F1}.Debug|Any CPU.Build.0 = Debug|Any CPU
		{BF1D777E-DF33-4C03-80A6-9ECB741746F1}.Release|Any CPU.ActiveCfg = Release|Any CPU
		{BF1D777E-DF33-4C03-80A6-9ECB741746F1}.Release|Any CPU.Build.0 = Release|Any CPU
		{F7FDC6DA-9937-472F-A90A-22FADF138439}.Debug|Any CPU.ActiveCfg = Debug|Any CPU
		{F7FDC6DA-9937-472F-A90A-22FADF138439}.Debug|Any CPU.Build.0 = Debug|Any CPU
		{F7FDC6DA-9937-472F-A90A-22FADF138439}.Release|Any CPU.ActiveCfg = Release|Any CPU
		{F7FDC6DA-9937-472F-A90A-22FADF138439}.Release|Any CPU.Build.0 = Release|Any CPU
		{A1E87EA7-C89A-4EBA-8FB7-4E3FC8CFC521}.Debug|Any CPU.ActiveCfg = Debug|Any CPU
		{A1E87EA7-C89A-4EBA-8FB7-4E3FC8CFC521}.Debug|Any CPU.Build.0 = Debug|Any CPU
		{A1E87EA7-C89A-4EBA-8FB7-4E3FC8CFC521}.Release|Any CPU.ActiveCfg = Release|Any CPU
		{A1E87EA7-C89A-4EBA-8FB7-4E3FC8CFC521}.Release|Any CPU.Build.0 = Release|Any CPU
		{DABC6ACF-3F5E-469B-BCC0-6F676287B245}.Debug|Any CPU.ActiveCfg = Debug|Any CPU
		{DABC6ACF-3F5E-469B-BCC0-6F676287B245}.Debug|Any CPU.Build.0 = Debug|Any CPU
		{DABC6ACF-3F5E-469B-BCC0-6F676287B245}.Release|Any CPU.ActiveCfg = Release|Any CPU
		{DABC6ACF-3F5E-469B-BCC0-6F676287B245}.Release|Any CPU.Build.0 = Release|Any CPU
		{8DDF64C0-825D-432D-936A-3F663E028B34}.Debug|Any CPU.ActiveCfg = Debug|Any CPU
		{8DDF64C0-825D-432D-936A-3F663E028B34}.Debug|Any CPU.Build.0 = Debug|Any CPU
		{8DDF64C0-825D-432D-936A-3F663E028B34}.Release|Any CPU.ActiveCfg = Release|Any CPU
		{8DDF64C0-825D-432D-936A-3F663E028B34}.Release|Any CPU.Build.0 = Release|Any CPU
		{FF76323F-C79C-4E3F-BE42-EFA9F9A9DE48}.Debug|Any CPU.ActiveCfg = Debug|Any CPU
		{FF76323F-C79C-4E3F-BE42-EFA9F9A9DE48}.Debug|Any CPU.Build.0 = Debug|Any CPU
		{FF76323F-C79C-4E3F-BE42-EFA9F9A9DE48}.Release|Any CPU.ActiveCfg = Release|Any CPU
		{FF76323F-C79C-4E3F-BE42-EFA9F9A9DE48}.Release|Any CPU.Build.0 = Release|Any CPU
		{8FFB3AA5-559D-4880-A4A3-8859C0D30D8E}.Debug|Any CPU.ActiveCfg = Debug|Any CPU
		{8FFB3AA5-559D-4880-A4A3-8859C0D30D8E}.Debug|Any CPU.Build.0 = Debug|Any CPU
		{8FFB3AA5-559D-4880-A4A3-8859C0D30D8E}.Release|Any CPU.ActiveCfg = Release|Any CPU
		{8FFB3AA5-559D-4880-A4A3-8859C0D30D8E}.Release|Any CPU.Build.0 = Release|Any CPU
		{DEB59262-3D4D-46B1-9934-71AA91C92714}.Debug|Any CPU.ActiveCfg = Debug|Any CPU
		{DEB59262-3D4D-46B1-9934-71AA91C92714}.Debug|Any CPU.Build.0 = Debug|Any CPU
		{DEB59262-3D4D-46B1-9934-71AA91C92714}.Release|Any CPU.ActiveCfg = Release|Any CPU
		{DEB59262-3D4D-46B1-9934-71AA91C92714}.Release|Any CPU.Build.0 = Release|Any CPU
	EndGlobalSection
	GlobalSection(SolutionProperties) = preSolution
		HideSolutionNode = FALSE
	EndGlobalSection
	GlobalSection(NestedProjects) = preSolution
		{CB0CAFAC-72AB-4D29-A570-D6F97519BBD3} = {323F3CC6-E104-45FD-A151-3F9F4AFE3310}
		{A2146721-BF86-45A3-9A95-5F1FD0E311DA} = {323F3CC6-E104-45FD-A151-3F9F4AFE3310}
		{BF1D777E-DF33-4C03-80A6-9ECB741746F1} = {323F3CC6-E104-45FD-A151-3F9F4AFE3310}
		{F7FDC6DA-9937-472F-A90A-22FADF138439} = {323F3CC6-E104-45FD-A151-3F9F4AFE3310}
	EndGlobalSection
	GlobalSection(ExtensibilityGlobals) = postSolution
		SolutionGuid = {9DC34FB4-3688-4F70-9473-343F51F6D500}
	EndGlobalSection
	GlobalSection(Performance) = preSolution
		HasPerformanceSessions = true
	EndGlobalSection
EndGlobal
